
Microsoft Visual Studio Solution File, Format Version 12.00
# Visual Studio Version 17
VisualStudioVersion = 17.14.36623.8
MinimumVisualStudioVersion = 10.0.40219.1
Project("{2150E333-8FDC-42A3-9474-1A3956D46DE8}") = "Core", "Core", "{02EA681E-C7D8-13C7-8484-4AC65E1B71E8}"
EndProject
Project("{2150E333-8FDC-42A3-9474-1A3956D46DE8}") = "Presentation", "Presentation", "{923E222D-CB14-4F50-9032-D6FCF3F7C534}"
EndProject
Project("{2150E333-8FDC-42A3-9474-1A3956D46DE8}") = "Host", "Host", "{2E4BC5BF-BE0E-4C8D-8FFE-F4EFBC80998F}"
EndProject
Project("{2150E333-8FDC-42A3-9474-1A3956D46DE8}") = "Infrastructure", "Infrastructure", "{9052B535-0C7C-4961-8F81-4BA040AD17FD}"
EndProject
Project("{FAE04EC0-301F-11D3-BF4B-00C04F79EFBC}") = "BankingHexagonal.Application", "Core\BankingHexagonal.Application\BankingHexagonal.Application.csproj", "{3D75CDB5-443C-472C-96B7-3D17091A8837}"
EndProject
Project("{FAE04EC0-301F-11D3-BF4B-00C04F79EFBC}") = "BankingHexagonal.Domain", "Core\BankingHexagonal.Domain\BankingHexagonal.Domain.csproj", "{4BFE105F-F814-4D54-826D-F6C84E8ED589}"
EndProject
Project("{FAE04EC0-301F-11D3-BF4B-00C04F79EFBC}") = "BankingHexagonal.Persistence", "Infrastructure\BankingHexagonal.Persistence\BankingHexagonal.Persistence.csproj", "{78662D35-1B44-4CA5-99CB-1AA58E27D7DB}"
EndProject
Global
	GlobalSection(SolutionConfigurationPlatforms) = preSolution
		Debug|Any CPU = Debug|Any CPU
		Release|Any CPU = Release|Any CPU
	EndGlobalSection
	GlobalSection(ProjectConfigurationPlatforms) = postSolution
		{3D75CDB5-443C-472C-96B7-3D17091A8837}.Debug|Any CPU.ActiveCfg = Debug|Any CPU
		{3D75CDB5-443C-472C-96B7-3D17091A8837}.Debug|Any CPU.Build.0 = Debug|Any CPU
		{3D75CDB5-443C-472C-96B7-3D17091A8837}.Release|Any CPU.ActiveCfg = Release|Any CPU
		{3D75CDB5-443C-472C-96B7-3D17091A8837}.Release|Any CPU.Build.0 = Release|Any CPU
		{4BFE105F-F814-4D54-826D-F6C84E8ED589}.Debug|Any CPU.ActiveCfg = Debug|Any CPU
		{4BFE105F-F814-4D54-826D-F6C84E8ED589}.Debug|Any CPU.Build.0 = Debug|Any CPU
		{4BFE105F-F814-4D54-826D-F6C84E8ED589}.Release|Any CPU.ActiveCfg = Release|Any CPU
		{4BFE105F-F814-4D54-826D-F6C84E8ED589}.Release|Any CPU.Build.0 = Release|Any CPU
		{78662D35-1B44-4CA5-99CB-1AA58E27D7DB}.Debug|Any CPU.ActiveCfg = Debug|Any CPU
		{78662D35-1B44-4CA5-99CB-1AA58E27D7DB}.Debug|Any CPU.Build.0 = Debug|Any CPU
		{78662D35-1B44-4CA5-99CB-1AA58E27D7DB}.Release|Any CPU.ActiveCfg = Release|Any CPU
		{78662D35-1B44-4CA5-99CB-1AA58E27D7DB}.Release|Any CPU.Build.0 = Release|Any CPU
	EndGlobalSection
	GlobalSection(SolutionProperties) = preSolution
		HideSolutionNode = FALSE
	EndGlobalSection
	GlobalSection(NestedProjects) = preSolution
		{3D75CDB5-443C-472C-96B7-3D17091A8837} = {02EA681E-C7D8-13C7-8484-4AC65E1B71E8}
		{4BFE105F-F814-4D54-826D-F6C84E8ED589} = {02EA681E-C7D8-13C7-8484-4AC65E1B71E8}
		{78662D35-1B44-4CA5-99CB-1AA58E27D7DB} = {9052B535-0C7C-4961-8F81-4BA040AD17FD}
	EndGlobalSection
	GlobalSection(ExtensibilityGlobals) = postSolution
		SolutionGuid = {41666B40-2C91-46E8-AB8E-710C2BE3745E}
	EndGlobalSection
EndGlobal
